
Microsoft Visual Studio Solution File, Format Version 12.00
# Visual Studio Version 17
VisualStudioVersion = 17.2.32602.215
MinimumVisualStudioVersion = 10.0.40219.1
Project("{FAE04EC0-301F-11D3-BF4B-00C04F79EFBC}") = "AreaCalculator", "AreaCalculator\AreaCalculator.csproj", "{85490741-713A-4358-A420-3477B85B25FC}"
EndProject
Project("{FAE04EC0-301F-11D3-BF4B-00C04F79EFBC}") = "TestProject", "TestProject\TestProject.csproj", "{F0C89CEE-DFE4-4ADF-A771-97AADF157FDE}"
EndProject
Global
	GlobalSection(SolutionConfigurationPlatforms) = preSolution
		Debug|Any CPU = Debug|Any CPU
		Release|Any CPU = Release|Any CPU
	EndGlobalSection
	GlobalSection(ProjectConfigurationPlatforms) = postSolution
		{85490741-713A-4358-A420-3477B85B25FC}.Debug|Any CPU.ActiveCfg = Debug|Any CPU
		{85490741-713A-4358-A420-3477B85B25FC}.Debug|Any CPU.Build.0 = Debug|Any CPU
		{85490741-713A-4358-A420-3477B85B25FC}.Release|Any CPU.ActiveCfg = Release|Any CPU
		{85490741-713A-4358-A420-3477B85B25FC}.Release|Any CPU.Build.0 = Release|Any CPU
		{F0C89CEE-DFE4-4ADF-A771-97AADF157FDE}.Debug|Any CPU.ActiveCfg = Debug|Any CPU
		{F0C89CEE-DFE4-4ADF-A771-97AADF157FDE}.Debug|Any CPU.Build.0 = Debug|Any CPU
		{F0C89CEE-DFE4-4ADF-A771-97AADF157FDE}.Release|Any CPU.ActiveCfg = Release|Any CPU
		{F0C89CEE-DFE4-4ADF-A771-97AADF157FDE}.Release|Any CPU.Build.0 = Release|Any CPU
	EndGlobalSection
	GlobalSection(SolutionProperties) = preSolution
		HideSolutionNode = FALSE
	EndGlobalSection
	GlobalSection(ExtensibilityGlobals) = postSolution
		SolutionGuid = {7BDEF12E-536A-43D5-ADCF-45F58C805C68}
	EndGlobalSection
EndGlobal
